
Microsoft Visual Studio Solution File, Format Version 12.00
# Visual Studio Version 16
VisualStudioVersion = 16.0.30804.86
MinimumVisualStudioVersion = 10.0.40219.1
Project("{FAE04EC0-301F-11D3-BF4B-00C04F79EFBC}") = "RazorReustorant", "RazorReustorant\RazorReustorant.csproj", "{E0F899B5-7439-4EDF-94A5-88399E82DD54}"
EndProject
Project("{9A19103F-16F7-4668-BE54-9A1E7A4F7556}") = "DataLibrary", "..\ReustorantApp(AspNet)\DataLibrary\DataLibrary.csproj", "{FB414FA5-517D-4565-8B5F-196E89622043}"
EndProject
Project("{FAE04EC0-301F-11D3-BF4B-00C04F79EFBC}") = "TestApp", "TestApp\TestApp.csproj", "{4D8D86D7-F5F7-4F84-AC03-EED9EE69BFDF}"
EndProject
Global
	GlobalSection(SolutionConfigurationPlatforms) = preSolution
		Debug|Any CPU = Debug|Any CPU
		Release|Any CPU = Release|Any CPU
	EndGlobalSection
	GlobalSection(ProjectConfigurationPlatforms) = postSolution
		{E0F899B5-7439-4EDF-94A5-88399E82DD54}.Debug|Any CPU.ActiveCfg = Debug|Any CPU
		{E0F899B5-7439-4EDF-94A5-88399E82DD54}.Debug|Any CPU.Build.0 = Debug|Any CPU
		{E0F899B5-7439-4EDF-94A5-88399E82DD54}.Release|Any CPU.ActiveCfg = Release|Any CPU
		{E0F899B5-7439-4EDF-94A5-88399E82DD54}.Release|Any CPU.Build.0 = Release|Any CPU
		{FB414FA5-517D-4565-8B5F-196E89622043}.Debug|Any CPU.ActiveCfg = Debug|Any CPU
		{FB414FA5-517D-4565-8B5F-196E89622043}.Debug|Any CPU.Build.0 = Debug|Any CPU
		{FB414FA5-517D-4565-8B5F-196E89622043}.Release|Any CPU.ActiveCfg = Release|Any CPU
		{FB414FA5-517D-4565-8B5F-196E89622043}.Release|Any CPU.Build.0 = Release|Any CPU
		{4D8D86D7-F5F7-4F84-AC03-EED9EE69BFDF}.Debug|Any CPU.ActiveCfg = Debug|Any CPU
		{4D8D86D7-F5F7-4F84-AC03-EED9EE69BFDF}.Debug|Any CPU.Build.0 = Debug|Any CPU
		{4D8D86D7-F5F7-4F84-AC03-EED9EE69BFDF}.Release|Any CPU.ActiveCfg = Release|Any CPU
		{4D8D86D7-F5F7-4F84-AC03-EED9EE69BFDF}.Release|Any CPU.Build.0 = Release|Any CPU
	EndGlobalSection
	GlobalSection(SolutionProperties) = preSolution
		HideSolutionNode = FALSE
	EndGlobalSection
	GlobalSection(ExtensibilityGlobals) = postSolution
		SolutionGuid = {4DE5C101-7321-4B3E-9558-D69E560071E6}
	EndGlobalSection
EndGlobal
